{
  "version": 4,
  "terraform_version": "1.13.4",
  "serial": 9,
  "lineage": "6b4ecf9c-20f7-f7f4-5f61-efbbef99249b",
  "outputs": {
    "admin_username": {
      "value": "azureuser",
      "type": "string"
    },
    "private_ip_address": {
      "value": "10.0.1.4",
      "type": "string"
    },
    "public_ip_address": {
      "value": "172.191.209.126",
      "type": "string"
    },
    "resource_group_name": {
      "value": "rg-webserver-demo",
      "type": "string"
    },
    "ssh_command": {
      "value": "ssh azureuser@172.191.209.126",
      "type": "string"
    },
    "vm_name": {
      "value": "webserver-vm",
      "type": "string"
    },
    "website_url": {
      "value": "http://172.191.209.126",
      "type": "string"
    }
  },
  "resources": [
    {
      "mode": "managed",
      "type": "azurerm_linux_virtual_machine",
      "name": "main",
      "provider": "provider[\"registry.terraform.io/hashicorp/azurerm\"]",
      "instances": [
        {
          "schema_version": 0,
          "attributes": {
            "additional_capabilities": [],
            "admin_password": null,
            "admin_ssh_key": [
              {
                "public_key": "ssh-rsa AAAAB3NzaC1yc2EAAAADAQABAAABAQDYbRLBrGhohrlM4hE4yYzVuuG9VTbyJbQTqypnB4lsewqjY671fYqNwcuUjb5kuql+odpOTWYt2NIIEMsHc34Zd8FafGtGb1VHbF1Ck4qlw2qfEdXl0qzxfLJ41iVh2BpdAS5eciiuu9baipIAfoxgxgTeNAyx0pwcDRYC+/W/SWWMAbTF+bB09Rwy0EwsdeVTE/I3e03d+PRuXx6sKlSNtpd7L3os3rvRoMN8Z5k2OwRDP3TaYg/c7/x2qZuZVi455fJqzrSEVZv3fiXN+koLDwQOhjlwFQ7qTWaOVtmELvQe1rqymMPALcELnn1Ila5ydhLpvQ0Q749tFFmH4Z9j",
                "username": "azureuser"
              }
            ],
            "admin_username": "azureuser",
            "allow_extension_operations": true,
            "availability_set_id": "",
            "boot_diagnostics": [],
            "bypass_platform_safety_checks_on_user_schedule_enabled": false,
            "capacity_reservation_group_id": "",
            "computer_name": "webserver-vm",
            "custom_data": "I2Nsb3VkLWNvbmZpZwojIENsb3VkLWluaXQgY29uZmlndXJhdGlvbiBmb3IgYXV0b21hdGljIEFwYWNoZTIgYW5kIE15U1FMIHNldHVwCgpwYWNrYWdlX3VwZGF0ZTogdHJ1ZQpwYWNrYWdlX3VwZ3JhZGU6IHRydWUKCnBhY2thZ2VzOgogIC0gYXBhY2hlMgogIC0gbXlzcWwtc2VydmVyCiAgLSBwaHAKICAtIHBocC1teXNxbAogIC0gbGliYXBhY2hlMi1tb2QtcGhwCiAgLSBwaHAtY2xpCiAgLSBwaHAtY3VybAogIC0gcGhwLWdkCiAgLSBwaHAtbWJzdHJpbmcKICAtIHBocC14bWwKICAtIHBocC14bWxycGMKCndyaXRlX2ZpbGVzOgogIC0gcGF0aDogL3Zhci93d3cvaHRtbC9pbmZvLnBocAogICAgY29udGVudDogfAogICAgICA8P3BocAogICAgICBwaHBpbmZvKCk7CiAgICAgID8+CiAgICBwZXJtaXNzaW9uczogJzA2NDQnCiAgICAKICAtIHBhdGg6IC92YXIvd3d3L2h0bWwvZGJfdGVzdC5waHAKICAgIGNvbnRlbnQ6IHwKICAgICAgPD9waHAKICAgICAgJHNlcnZlcm5hbWUgPSAibG9jYWxob3N0IjsKICAgICAgJHVzZXJuYW1lID0gIndlYnVzZXIiOwogICAgICAkcGFzc3dvcmQgPSAid2VicGFzczEyMyI7CiAgICAgICRkYXRhYmFzZSA9ICJ3ZWJkYiI7CiAgICAgIAogICAgICAvLyBDcmVhdGUgY29ubmVjdGlvbgogICAgICAkY29ubiA9IG5ldyBteXNxbGkoJHNlcnZlcm5hbWUsICR1c2VybmFtZSwgJHBhc3N3b3JkLCAkZGF0YWJhc2UpOwogICAgICAKICAgICAgLy8gQ2hlY2sgY29ubmVjdGlvbgogICAgICBpZiAoJGNvbm4tPmNvbm5lY3RfZXJyb3IpIHsKICAgICAgICAgIGRpZSgiQ29ubmVjdGlvbiBmYWlsZWQ6ICIgLiAkY29ubi0+Y29ubmVjdF9lcnJvcik7CiAgICAgIH0KICAgICAgZWNobyAiPGgyPk15U1FMIENvbm5lY3Rpb24gU3VjY2Vzc2Z1bCE8L2gyPiI7CiAgICAgIGVjaG8gIkNvbm5lY3RlZCB0byBkYXRhYmFzZTogIiAuICRkYXRhYmFzZSAuICI8YnI+IjsKICAgICAgCiAgICAgIC8vIERpc3BsYXkgZGF0YSBmcm9tIHRlc3QgdGFibGUKICAgICAgJHNxbCA9ICJTRUxFQ1QgKiBGUk9NIHVzZXJzIjsKICAgICAgJHJlc3VsdCA9ICRjb25uLT5xdWVyeSgkc3FsKTsKICAgICAgCiAgICAgIGlmICgkcmVzdWx0LT5udW1fcm93cyA+IDApIHsKICAgICAgICAgIGVjaG8gIjxoMz5Vc2VycyBpbiBkYXRhYmFzZTo8L2gzPiI7CiAgICAgICAgICBlY2hvICI8dGFibGUgYm9yZGVyPScxJz48dHI+PHRoPklEPC90aD48dGg+TmFtZTwvdGg+PHRoPkVtYWlsPC90aD48L3RyPiI7CiAgICAgICAgICB3aGlsZSgkcm93ID0gJHJlc3VsdC0+ZmV0Y2hfYXNzb2MoKSkgewogICAgICAgICAgICAgIGVjaG8gIjx0cj48dGQ+IiAuICRyb3dbImlkIl0uICI8L3RkPjx0ZD4iIC4gJHJvd1sibmFtZSJdLiAiPC90ZD48dGQ+IiAuICRyb3dbImVtYWlsIl0uICI8L3RkPjwvdHI+IjsKICAgICAgICAgIH0KICAgICAgICAgIGVjaG8gIjwvdGFibGU+IjsKICAgICAgfSBlbHNlIHsKICAgICAgICAgIGVjaG8gIjAgcmVzdWx0cyI7CiAgICAgIH0KICAgICAgCiAgICAgICRjb25uLT5jbG9zZSgpOwogICAgICA/PgogICAgcGVybWlzc2lvbnM6ICcwNjQ0JwoKICAtIHBhdGg6IC90bXAvc2V0dXBfbXlzcWwuc2gKICAgIGNvbnRlbnQ6IHwKICAgICAgIyEvYmluL2Jhc2gKICAgICAgIyBNeVNRTCBzZXR1cCBzY3JpcHQKICAgICAgCiAgICAgICMgU2V0IE15U1FMIHJvb3QgcGFzc3dvcmQKICAgICAgc3VkbyBteXNxbCAtZSAiQUxURVIgVVNFUiAncm9vdCdAJ2xvY2FsaG9zdCcgSURFTlRJRklFRCBXSVRIIG15c3FsX25hdGl2ZV9wYXNzd29yZCBCWSAnTXlTZWN1cmVQYXNzd29yZDEyMyEnOyIKICAgICAgc3VkbyBteXNxbCAtZSAiRkxVU0ggUFJJVklMRUdFUzsiCiAgICAgIAogICAgICAjIENyZWF0ZSBkYXRhYmFzZSBhbmQgdXNlcgogICAgICBzdWRvIG15c3FsIC11IHJvb3QgLXAnTXlTZWN1cmVQYXNzd29yZDEyMyEnIDw8RU9GCiAgICAgIENSRUFURSBEQVRBQkFTRSBJRiBOT1QgRVhJU1RTIHdlYmRiOwogICAgICBDUkVBVEUgVVNFUiBJRiBOT1QgRVhJU1RTICd3ZWJ1c2VyJ0AnbG9jYWxob3N0JyBJREVOVElGSUVEIEJZICd3ZWJwYXNzMTIzJzsKICAgICAgR1JBTlQgQUxMIFBSSVZJTEVHRVMgT04gd2ViZGIuKiBUTyAnd2VidXNlcidAJ2xvY2FsaG9zdCc7CiAgICAgIEZMVVNIIFBSSVZJTEVHRVM7CiAgICAgIAogICAgICBVU0Ugd2ViZGI7CiAgICAgIENSRUFURSBUQUJMRSBJRiBOT1QgRVhJU1RTIHVzZXJzICgKICAgICAgICAgIGlkIElOVCBBVVRPX0lOQ1JFTUVOVCBQUklNQVJZIEtFWSwKICAgICAgICAgIG5hbWUgVkFSQ0hBUigxMDApIE5PVCBOVUxMLAogICAgICAgICAgZW1haWwgVkFSQ0hBUigxMDApIE5PVCBOVUxMLAogICAgICAgICAgY3JlYXRlZF9hdCBUSU1FU1RBTVAgREVGQVVMVCBDVVJSRU5UX1RJTUVTVEFNUAogICAgICApOwogICAgICAKICAgICAgSU5TRVJUIElOVE8gdXNlcnMgKG5hbWUsIGVtYWlsKSBWQUxVRVMgCiAgICAgICAgICAoJ0pvaG4gRG9lJywgJ2pvaG5AZXhhbXBsZS5jb20nKSwKICAgICAgICAgICgnSmFuZSBTbWl0aCcsICdqYW5lQGV4YW1wbGUuY29tJyksCiAgICAgICAgICAoJ0JvYiBKb2huc29uJywgJ2JvYkBleGFtcGxlLmNvbScpOwogICAgICBFT0YKICAgICAgCiAgICAgIGVjaG8gIk15U1FMIHNldHVwIGNvbXBsZXRlZCBzdWNjZXNzZnVsbHkhIgogICAgcGVybWlzc2lvbnM6ICcwNzU1JwoKcnVuY21kOgogIC0gc3lzdGVtY3RsIGVuYWJsZSBhcGFjaGUyCiAgLSBzeXN0ZW1jdGwgc3RhcnQgYXBhY2hlMgogIC0gc3lzdGVtY3RsIGVuYWJsZSBteXNxbAogIC0gc3lzdGVtY3RsIHN0YXJ0IG15c3FsCiAgLSBzbGVlcCAxMAogIC0gL3RtcC9zZXR1cF9teXNxbC5zaAogIC0gcm0gLWYgL3Zhci93d3cvaHRtbC9pbmRleC5odG1sCiAgLSBjaG93biAtUiB3d3ctZGF0YTp3d3ctZGF0YSAvdmFyL3d3dy9odG1sCiAgLSBjaG1vZCAtUiA3NTUgL3Zhci93d3cvaHRtbAogIC0gYTJlbm1vZCByZXdyaXRlCiAgLSBzeXN0ZW1jdGwgcmVzdGFydCBhcGFjaGUyCgpmaW5hbF9tZXNzYWdlOiAiVGhlIHN5c3RlbSBpcyByZWFkeSEgQXBhY2hlMiBhbmQgTXlTUUwgYXJlIGluc3RhbGxlZCBhbmQgY29uZmlndXJlZC4iCg==",
            "dedicated_host_group_id": "",
            "dedicated_host_id": "",
            "disable_password_authentication": true,
            "disk_controller_type": "SCSI",
            "edge_zone": "",
            "encryption_at_host_enabled": false,
            "eviction_policy": "",
            "extensions_time_budget": "PT1H30M",
            "gallery_application": [],
            "id": "/subscriptions/50818730-e898-4bc4-bc35-d998af53d719/resourceGroups/rg-webserver-demo/providers/Microsoft.Compute/virtualMachines/webserver-vm",
            "identity": [],
            "license_type": "",
            "location": "eastus",
            "max_bid_price": -1,
            "name": "webserver-vm",
            "network_interface_ids": [
              "/subscriptions/50818730-e898-4bc4-bc35-d998af53d719/resourceGroups/rg-webserver-demo/providers/Microsoft.Network/networkInterfaces/webserver-nic"
            ],
            "os_disk": [
              {
                "caching": "ReadWrite",
                "diff_disk_settings": [],
                "disk_encryption_set_id": "",
                "disk_size_gb": 30,
                "name": "webserver-vm_OsDisk_1_7734a6bf95b540c3937127da7933fa23",
                "secure_vm_disk_encryption_set_id": "",
                "security_encryption_type": "",
                "storage_account_type": "Standard_LRS",
                "write_accelerator_enabled": false
              }
            ],
            "os_image_notification": [],
            "patch_assessment_mode": "ImageDefault",
            "patch_mode": "ImageDefault",
            "plan": [],
            "platform_fault_domain": -1,
            "priority": "Regular",
            "private_ip_address": "10.0.1.4",
            "private_ip_addresses": [
              "10.0.1.4"
            ],
            "provision_vm_agent": true,
            "proximity_placement_group_id": "",
            "public_ip_address": "172.191.209.126",
            "public_ip_addresses": [
              "172.191.209.126"
            ],
            "reboot_setting": "",
            "resource_group_name": "rg-webserver-demo",
            "secret": [],
            "secure_boot_enabled": false,
            "size": "Standard_B2s",
            "source_image_id": "",
            "source_image_reference": [
              {
                "offer": "0001-com-ubuntu-server-jammy",
                "publisher": "Canonical",
                "sku": "22_04-lts-gen2",
                "version": "latest"
              }
            ],
            "tags": {
              "Environment": "Development"
            },
            "termination_notification": null,
            "timeouts": null,
            "user_data": "",
            "virtual_machine_id": "e0ef4c83-fd84-4f67-be48-1253576efc9a",
            "virtual_machine_scale_set_id": "",
            "vm_agent_platform_updates_enabled": false,
            "vtpm_enabled": false,
            "zone": ""
          },
          "sensitive_attributes": [
            [
              {
                "type": "get_attr",
                "value": "admin_password"
              }
            ],
            [
              {
                "type": "get_attr",
                "value": "custom_data"
              }
            ]
          ],
          "identity_schema_version": 0,
          "private": "eyJlMmJmYjczMC1lY2FhLTExZTYtOGY4OC0zNDM2M2JjN2M0YzAiOnsiY3JlYXRlIjoyNzAwMDAwMDAwMDAwLCJkZWxldGUiOjI3MDAwMDAwMDAwMDAsInJlYWQiOjMwMDAwMDAwMDAwMCwidXBkYXRlIjoyNzAwMDAwMDAwMDAwfX0=",
          "dependencies": [
            "azurerm_network_interface.main",
            "azurerm_public_ip.main",
            "azurerm_resource_group.main",
            "azurerm_subnet.main",
            "azurerm_virtual_network.main"
          ]
        }
      ]
    },
    {
      "mode": "managed",
      "type": "azurerm_network_interface",
      "name": "main",
      "provider": "provider[\"registry.terraform.io/hashicorp/azurerm\"]",
      "instances": [
        {
          "schema_version": 0,
          "attributes": {
            "accelerated_networking_enabled": false,
            "applied_dns_servers": [],
            "auxiliary_mode": "",
            "auxiliary_sku": "",
            "dns_servers": [],
            "edge_zone": "",
            "enable_accelerated_networking": false,
            "enable_ip_forwarding": false,
            "id": "/subscriptions/50818730-e898-4bc4-bc35-d998af53d719/resourceGroups/rg-webserver-demo/providers/Microsoft.Network/networkInterfaces/webserver-nic",
            "internal_dns_name_label": "",
            "internal_domain_name_suffix": "ok23mt542nputju0pnwma3s3fe.bx.internal.cloudapp.net",
            "ip_configuration": [
              {
                "gateway_load_balancer_frontend_ip_configuration_id": "",
                "name": "internal",
                "primary": true,
                "private_ip_address": "10.0.1.4",
                "private_ip_address_allocation": "Dynamic",
                "private_ip_address_version": "IPv4",
                "public_ip_address_id": "/subscriptions/50818730-e898-4bc4-bc35-d998af53d719/resourceGroups/rg-webserver-demo/providers/Microsoft.Network/publicIPAddresses/webserver-publicip",
                "subnet_id": "/subscriptions/50818730-e898-4bc4-bc35-d998af53d719/resourceGroups/rg-webserver-demo/providers/Microsoft.Network/virtualNetworks/webserver-vnet/subnets/webserver-subnet"
              }
            ],
            "ip_forwarding_enabled": false,
            "location": "eastus",
            "mac_address": "",
            "name": "webserver-nic",
            "private_ip_address": "10.0.1.4",
            "private_ip_addresses": [
              "10.0.1.4"
            ],
            "resource_group_name": "rg-webserver-demo",
            "tags": {
              "Environment": "Development"
            },
            "timeouts": null,
            "virtual_machine_id": ""
          },
          "sensitive_attributes": [],
          "identity_schema_version": 0,
          "private": "eyJlMmJmYjczMC1lY2FhLTExZTYtOGY4OC0zNDM2M2JjN2M0YzAiOnsiY3JlYXRlIjoxODAwMDAwMDAwMDAwLCJkZWxldGUiOjE4MDAwMDAwMDAwMDAsInJlYWQiOjMwMDAwMDAwMDAwMCwidXBkYXRlIjoxODAwMDAwMDAwMDAwfX0=",
          "dependencies": [
            "azurerm_public_ip.main",
            "azurerm_resource_group.main",
            "azurerm_subnet.main",
            "azurerm_virtual_network.main"
          ]
        }
      ]
    },
    {
      "mode": "managed",
      "type": "azurerm_network_interface_security_group_association",
      "name": "main",
      "provider": "provider[\"registry.terraform.io/hashicorp/azurerm\"]",
      "instances": [
        {
          "schema_version": 0,
          "attributes": {
            "id": "/subscriptions/50818730-e898-4bc4-bc35-d998af53d719/resourceGroups/rg-webserver-demo/providers/Microsoft.Network/networkInterfaces/webserver-nic|/subscriptions/50818730-e898-4bc4-bc35-d998af53d719/resourceGroups/rg-webserver-demo/providers/Microsoft.Network/networkSecurityGroups/webserver-nsg",
            "network_interface_id": "/subscriptions/50818730-e898-4bc4-bc35-d998af53d719/resourceGroups/rg-webserver-demo/providers/Microsoft.Network/networkInterfaces/webserver-nic",
            "network_security_group_id": "/subscriptions/50818730-e898-4bc4-bc35-d998af53d719/resourceGroups/rg-webserver-demo/providers/Microsoft.Network/networkSecurityGroups/webserver-nsg",
            "timeouts": null
          },
          "sensitive_attributes": [],
          "identity_schema_version": 0,
          "private": "eyJlMmJmYjczMC1lY2FhLTExZTYtOGY4OC0zNDM2M2JjN2M0YzAiOnsiY3JlYXRlIjoxODAwMDAwMDAwMDAwLCJkZWxldGUiOjE4MDAwMDAwMDAwMDAsInJlYWQiOjMwMDAwMDAwMDAwMH19",
          "dependencies": [
            "azurerm_network_interface.main",
            "azurerm_network_security_group.main",
            "azurerm_public_ip.main",
            "azurerm_resource_group.main",
            "azurerm_subnet.main",
            "azurerm_virtual_network.main"
          ]
        }
      ]
    },
    {
      "mode": "managed",
      "type": "azurerm_network_security_group",
      "name": "main",
      "provider": "provider[\"registry.terraform.io/hashicorp/azurerm\"]",
      "instances": [
        {
          "schema_version": 0,
          "attributes": {
            "id": "/subscriptions/50818730-e898-4bc4-bc35-d998af53d719/resourceGroups/rg-webserver-demo/providers/Microsoft.Network/networkSecurityGroups/webserver-nsg",
            "location": "eastus",
            "name": "webserver-nsg",
            "resource_group_name": "rg-webserver-demo",
            "security_rule": [
              {
                "access": "Allow",
                "description": "",
                "destination_address_prefix": "*",
                "destination_address_prefixes": [],
                "destination_application_security_group_ids": [],
                "destination_port_range": "22",
                "destination_port_ranges": [],
                "direction": "Inbound",
                "name": "SSH",
                "priority": 1001,
                "protocol": "Tcp",
                "source_address_prefix": "*",
                "source_address_prefixes": [],
                "source_application_security_group_ids": [],
                "source_port_range": "*",
                "source_port_ranges": []
              },
              {
                "access": "Allow",
                "description": "",
                "destination_address_prefix": "*",
                "destination_address_prefixes": [],
                "destination_application_security_group_ids": [],
                "destination_port_range": "3306",
                "destination_port_ranges": [],
                "direction": "Inbound",
                "name": "MySQL",
                "priority": 1004,
                "protocol": "Tcp",
                "source_address_prefix": "*",
                "source_address_prefixes": [],
                "source_application_security_group_ids": [],
                "source_port_range": "*",
                "source_port_ranges": []
              },
              {
                "access": "Allow",
                "description": "",
                "destination_address_prefix": "*",
                "destination_address_prefixes": [],
                "destination_application_security_group_ids": [],
                "destination_port_range": "443",
                "destination_port_ranges": [],
                "direction": "Inbound",
                "name": "HTTPS",
                "priority": 1003,
                "protocol": "Tcp",
                "source_address_prefix": "*",
                "source_address_prefixes": [],
                "source_application_security_group_ids": [],
                "source_port_range": "*",
                "source_port_ranges": []
              },
              {
                "access": "Allow",
                "description": "",
                "destination_address_prefix": "*",
                "destination_address_prefixes": [],
                "destination_application_security_group_ids": [],
                "destination_port_range": "80",
                "destination_port_ranges": [],
                "direction": "Inbound",
                "name": "HTTP",
                "priority": 1002,
                "protocol": "Tcp",
                "source_address_prefix": "*",
                "source_address_prefixes": [],
                "source_application_security_group_ids": [],
                "source_port_range": "*",
                "source_port_ranges": []
              }
            ],
            "tags": {
              "Environment": "Development"
            },
            "timeouts": null
          },
          "sensitive_attributes": [],
          "identity_schema_version": 0,
          "private": "eyJlMmJmYjczMC1lY2FhLTExZTYtOGY4OC0zNDM2M2JjN2M0YzAiOnsiY3JlYXRlIjoxODAwMDAwMDAwMDAwLCJkZWxldGUiOjE4MDAwMDAwMDAwMDAsInJlYWQiOjMwMDAwMDAwMDAwMCwidXBkYXRlIjoxODAwMDAwMDAwMDAwfX0=",
          "dependencies": [
            "azurerm_resource_group.main"
          ]
        }
      ]
    },
    {
      "mode": "managed",
      "type": "azurerm_public_ip",
      "name": "main",
      "provider": "provider[\"registry.terraform.io/hashicorp/azurerm\"]",
      "instances": [
        {
          "schema_version": 0,
          "attributes": {
            "allocation_method": "Static",
            "ddos_protection_mode": "VirtualNetworkInherited",
            "ddos_protection_plan_id": null,
            "domain_name_label": null,
            "edge_zone": "",
            "fqdn": null,
            "id": "/subscriptions/50818730-e898-4bc4-bc35-d998af53d719/resourceGroups/rg-webserver-demo/providers/Microsoft.Network/publicIPAddresses/webserver-publicip",
            "idle_timeout_in_minutes": 4,
            "ip_address": "172.191.209.126",
            "ip_tags": null,
            "ip_version": "IPv4",
            "location": "eastus",
            "name": "webserver-publicip",
            "public_ip_prefix_id": null,
            "resource_group_name": "rg-webserver-demo",
            "reverse_fqdn": null,
            "sku": "Standard",
            "sku_tier": "Regional",
            "tags": {
              "Environment": "Development"
            },
            "timeouts": null,
            "zones": null
          },
          "sensitive_attributes": [],
          "identity_schema_version": 0,
          "private": "eyJlMmJmYjczMC1lY2FhLTExZTYtOGY4OC0zNDM2M2JjN2M0YzAiOnsiY3JlYXRlIjoxODAwMDAwMDAwMDAwLCJkZWxldGUiOjE4MDAwMDAwMDAwMDAsInJlYWQiOjMwMDAwMDAwMDAwMCwidXBkYXRlIjoxODAwMDAwMDAwMDAwfX0=",
          "dependencies": [
            "azurerm_resource_group.main"
          ]
        }
      ]
    },
    {
      "mode": "managed",
      "type": "azurerm_resource_group",
      "name": "main",
      "provider": "provider[\"registry.terraform.io/hashicorp/azurerm\"]",
      "instances": [
        {
          "schema_version": 0,
          "attributes": {
            "id": "/subscriptions/50818730-e898-4bc4-bc35-d998af53d719/resourceGroups/rg-webserver-demo",
            "location": "eastus",
            "managed_by": "",
            "name": "rg-webserver-demo",
            "tags": {
              "Environment": "Development",
              "Project": "AzureVM-Apache2-MySQL"
            },
            "timeouts": null
          },
          "sensitive_attributes": [],
          "identity_schema_version": 0,
          "private": "eyJlMmJmYjczMC1lY2FhLTExZTYtOGY4OC0zNDM2M2JjN2M0YzAiOnsiY3JlYXRlIjo1NDAwMDAwMDAwMDAwLCJkZWxldGUiOjU0MDAwMDAwMDAwMDAsInJlYWQiOjMwMDAwMDAwMDAwMCwidXBkYXRlIjo1NDAwMDAwMDAwMDAwfX0="
        }
      ]
    },
    {
      "mode": "managed",
      "type": "azurerm_subnet",
      "name": "main",
      "provider": "provider[\"registry.terraform.io/hashicorp/azurerm\"]",
      "instances": [
        {
          "schema_version": 0,
          "attributes": {
            "address_prefixes": [
              "10.0.1.0/24"
            ],
            "default_outbound_access_enabled": true,
            "delegation": [],
            "enforce_private_link_endpoint_network_policies": false,
            "enforce_private_link_service_network_policies": false,
            "id": "/subscriptions/50818730-e898-4bc4-bc35-d998af53d719/resourceGroups/rg-webserver-demo/providers/Microsoft.Network/virtualNetworks/webserver-vnet/subnets/webserver-subnet",
            "name": "webserver-subnet",
            "private_endpoint_network_policies": "Enabled",
            "private_endpoint_network_policies_enabled": true,
            "private_link_service_network_policies_enabled": true,
            "resource_group_name": "rg-webserver-demo",
            "service_endpoint_policy_ids": null,
            "service_endpoints": null,
            "timeouts": null,
            "virtual_network_name": "webserver-vnet"
          },
          "sensitive_attributes": [],
          "identity_schema_version": 0,
          "private": "eyJlMmJmYjczMC1lY2FhLTExZTYtOGY4OC0zNDM2M2JjN2M0YzAiOnsiY3JlYXRlIjoxODAwMDAwMDAwMDAwLCJkZWxldGUiOjE4MDAwMDAwMDAwMDAsInJlYWQiOjMwMDAwMDAwMDAwMCwidXBkYXRlIjoxODAwMDAwMDAwMDAwfX0=",
          "dependencies": [
            "azurerm_resource_group.main",
            "azurerm_virtual_network.main"
          ]
        }
      ]
    },
    {
      "mode": "managed",
      "type": "azurerm_virtual_network",
      "name": "main",
      "provider": "provider[\"registry.terraform.io/hashicorp/azurerm\"]",
      "instances": [
        {
          "schema_version": 0,
          "attributes": {
            "address_space": [
              "10.0.0.0/16"
            ],
            "bgp_community": "",
            "ddos_protection_plan": [],
            "dns_servers": [],
            "edge_zone": "",
            "encryption": [],
            "flow_timeout_in_minutes": 0,
            "guid": "4fd6b972-e3fe-495f-a69a-7b6cc0765d2c",
            "id": "/subscriptions/50818730-e898-4bc4-bc35-d998af53d719/resourceGroups/rg-webserver-demo/providers/Microsoft.Network/virtualNetworks/webserver-vnet",
            "location": "eastus",
            "name": "webserver-vnet",
            "resource_group_name": "rg-webserver-demo",
            "subnet": [],
            "tags": {
              "Environment": "Development"
            },
            "timeouts": null
          },
          "sensitive_attributes": [],
          "identity_schema_version": 0,
          "private": "eyJlMmJmYjczMC1lY2FhLTExZTYtOGY4OC0zNDM2M2JjN2M0YzAiOnsiY3JlYXRlIjoxODAwMDAwMDAwMDAwLCJkZWxldGUiOjE4MDAwMDAwMDAwMDAsInJlYWQiOjMwMDAwMDAwMDAwMCwidXBkYXRlIjoxODAwMDAwMDAwMDAwfX0=",
          "dependencies": [
            "azurerm_resource_group.main"
          ]
        }
      ]
    }
  ],
  "check_results": null
}
